
Microsoft Visual Studio Solution File, Format Version 12.00
# Visual Studio Version 17
VisualStudioVersion = 17.14.37301.10 d17.14
MinimumVisualStudioVersion = 10.0.40219.1
Project("{FAE04EC0-301F-11D3-BF4B-00C04F79EFBC}") = "CodingTracker", "CodingTracker.csproj", "{BBB6FE1D-1A12-44EE-B935-AEA1D4036AA5}"
EndProject
Global
	GlobalSection(SolutionConfigurationPlatforms) = preSolution
		Debug|Any CPU = Debug|Any CPU
		Release|Any CPU = Release|Any CPU
	EndGlobalSection
	GlobalSection(ProjectConfigurationPlatforms) = postSolution
		{BBB6FE1D-1A12-44EE-B935-AEA1D4036AA5}.Debug|Any CPU.ActiveCfg = Debug|Any CPU
		{BBB6FE1D-1A12-44EE-B935-AEA1D4036AA5}.Debug|Any CPU.Build.0 = Debug|Any CPU
		{BBB6FE1D-1A12-44EE-B935-AEA1D4036AA5}.Release|Any CPU.ActiveCfg = Release|Any CPU
		{BBB6FE1D-1A12-44EE-B935-AEA1D4036AA5}.Release|Any CPU.Build.0 = Release|Any CPU
	EndGlobalSection
	GlobalSection(SolutionProperties) = preSolution
		HideSolutionNode = FALSE
	EndGlobalSection
	GlobalSection(ExtensibilityGlobals) = postSolution
		SolutionGuid = {D2452F16-BAB3-4A02-A38A-32BDFA393785}
	EndGlobalSection
EndGlobal
